
Microsoft Visual Studio Solution File, Format Version 12.00
# Visual Studio Version 17
VisualStudioVersion = 17.8.34511.84
MinimumVisualStudioVersion = 10.0.40219.1
Project("{FAE04EC0-301F-11D3-BF4B-00C04F79EFBC}") = "Contract.Monthly", "Contract.Monthly\Contract.Monthly.csproj", "{372C67CE-E059-4175-A2F7-7500E8585EFC}"
EndProject
Global
	GlobalSection(SolutionConfigurationPlatforms) = preSolution
		Debug|Any CPU = Debug|Any CPU
		Release|Any CPU = Release|Any CPU
	EndGlobalSection
	GlobalSection(ProjectConfigurationPlatforms) = postSolution
		{372C67CE-E059-4175-A2F7-7500E8585EFC}.Debug|Any CPU.ActiveCfg = Debug|Any CPU
		{372C67CE-E059-4175-A2F7-7500E8585EFC}.Debug|Any CPU.Build.0 = Debug|Any CPU
		{372C67CE-E059-4175-A2F7-7500E8585EFC}.Release|Any CPU.ActiveCfg = Release|Any CPU
		{372C67CE-E059-4175-A2F7-7500E8585EFC}.Release|Any CPU.Build.0 = Release|Any CPU
	EndGlobalSection
	GlobalSection(SolutionProperties) = preSolution
		HideSolutionNode = FALSE
	EndGlobalSection
	GlobalSection(ExtensibilityGlobals) = postSolution
		SolutionGuid = {1323DA38-FA45-40D2-B954-D5FFB817C49D}
	EndGlobalSection
EndGlobal
